github.com/Azure/azure-sdk-for-go/sdk/azcore v1.17.0 h1:g0EZJwz7xkXQiZAI5xi9f3WWFYBlX1CPTrR+NDToRkQ=
github.com/Azure/azure-sdk-for-go/sdk/azcore v1.17.0/go.mod h1:XCW7KnZet0Opnr7HccfUw1PLc4CjHqpcaxW8DHklNkQ=
github.com/Azure/azure-sdk-for-go/sdk/azidentity v1.7.0 h1:tfLQ34V6F7tVSwoTf/4lH5sE0o6eCJuNDTmH09nDpbc=
github.com/Azure/azure-sdk-for-go/sdk/azidentity v1.7.0/go.mod h1:9kIvujWAA58nmPmWB1m23fyWic1kYZMxD9CxaWn4Qpg=
github.com/Azure/azure-sdk-for-go/sdk/internal v1.10.0 h1:ywEEhmNahHBihViHepv3xPBn1663uRv2t2q/ESv9seY=
github.com/Azure/azure-sdk-for-go/sdk/internal v1.10.0/go.mod h1:iZDifYGJTIgIIkYRNWPENUnqx6bJ2xnSDFI2tjwZNuY=
github.com/Azure/azure-sdk-for-go/sdk/messaging/azservicebus v1.7.3 h1:LdVbGn5dRAr7ypENaGiigQg/uCjnbY2TYdZNK6cyyoI=
github.com/Azure/azure-sdk-for-go/sdk/messaging/azservicebus v1.7.3/go.mod h1:0//khemTpeLHXCTNR/FDZ7LvJFIbW9HgFspljDTmz20=
github.com/Azure/go-amqp v1.3.0 h1://1rikYhoIQNXJFXyoO/Rlb4+4EkHYfJceNtLlys2/4=
github.com/Azure/go-amqp v1.3.0/go.mod h1:vZAogwdrkbyK3Mla8m/CxSc/aKdnTZ4IbPxl51Y5WZE=
github.com/Azure/go-shuttle/v2 v2.7.7 h1:MKaFR7L2FEpyoMLn2xK93DyqvHBigWNkXITkwqroErw=
github.com/Azure/go-shuttle/v2 v2.7.7/go.mod h1:B5hZHEAsAnnwTfSy2aBrh/NvO9tg4+Koc4S3nlCtyhs=
github.com/AzureAD/microsoft-authentication-library-for-go v1.2.2 h1:XHOnouVk1mxXfQidrMEnLlPk9UMeRtyBTnEFtxkV0kU=
github.com/AzureAD/microsoft-authentication-library-for-go v1.2.2/go.mod h1:wP83P5OoQ5p6ip3ScPr0BAq0BvuPAvacpEuSzyouqAI=
github.com/HdrHistogram/hdrhistogram-go v1.2.0 h1:XMJkDWuz6bM9Fzy7zORuVFKH7ZJY41G2q8KWhVGkNiY=
github.com/HdrHistogram/hdrhistogram-go v1.2.0/go.mod h1:CiIeGiHSd06zjX+FypuEJ5EQ07KKtxZ+8J6hszwVQig=
github.com/beorn7/perks v1.0.1 h1:VlbKKnNfV8bJzeqoa4cOKqO6bYr3WgKZxO8Z16+hsOM=
github.com/beorn7/perks v1.0.1/go.mod h1:G2ZrVWU2WbWT9wwq4/hrbKbnv/1ERSJQ0ibhJ6rlkpw=
github.com/cespare/xxhash/v2 v2.3.0 h1:UL815xU9SqsFlibzuggzjXhog7bL6oX9BbNZnL2UFvs=
github.com/cespare/xxhash/v2 v2.3.0/go.mod h1:VGX0DQ3Q6kWi7AoAeZDth3/j3BFtOZR5XLFGgcrjCOs=
github.com/davecgh/go-spew v1.1.0/go.mod h1:J7Y8YcW2NihsgmVo/mv3lAwl/skON4iLHjSsI+c5H38=
github.com/davecgh/go-spew v1.1.1 h1:vj9j/u1bqnvCEfJOwUhtlOARqs3+rkHYY13jYWTU97c=
github.com/davecgh/go-spew v1.1.1/go.mod h1:J7Y8YcW2NihsgmVo/mv3lAwl/skON4iLHjSsI+c5H38=
github.com/devigned/tab v0.1.1 h1:3mD6Kb1mUOYeLpJvTVSDwSg5ZsfSxfvxGRTxRsJsITA=
github.com/devigned/tab v0.1.1/go.mod h1:XG9mPq0dFghrYvoBF3xdRrJzSTX1b7IQrvaL9mzjeJY=
github.com/fortytw2/leaktest v1.3.0 h1:u8491cBMTQ8ft8aeV+adlcytMZylmA5nnwwkRZjI8vw=
github.com/fortytw2/leaktest v1.3.0/go.mod h1:jDsjWgpAGjm2CA7WthBh/CdZYEPF31XHquHwclZch5g=
github.com/go-logr/logr v1.2.2/go.mod h1:jdQByPbusPIv2/zmleS9BjJVeZ6kBagPoEUsqbVz/1A=
github.com/go-logr/logr v1.4.2 h1:6pFjapn8bFcIbiKo3XT4j/BhANplGihG6tvd+8rYgrY=
github.com/go-logr/logr v1.4.2/go.mod h1:9T104GzyrTigFIr8wt5mBrctHMim0Nb2HLGrmQ40KvY=
github.com/go-logr/stdr v1.2.2 h1:hSWxHoqTgW2S2qGc0LTAI563KZ5YKYRhT3MFKZMbjag=
github.com/go-logr/stdr v1.2.2/go.mod h1:mMo/vtBO5dYbehREoey6XUKy/eSumjCCveDpRre4VKE=
github.com/golang-jwt/jwt/v5 v5.2.1 h1:OuVbFODueb089Lh128TAcimifWaLhJwVflnrgM17wHk=
github.com/golang-jwt/jwt/v5 v5.2.1/go.mod h1:pqrtFR0X4osieyHYxtmOUWsAWrfe1Q5UVIyoH402zdk=
github.com/golang/mock v1.6.0 h1:ErTB+efbowRARo13NNdxyJji2egdxLGQhRaY+DUumQc=
github.com/golang/mock v1.6.0/go.mod h1:p6yTPP+5HYm5mzsMV8JkE6ZKdX+/wYM6Hr+LicevLPs=
github.com/google/go-cmp v0.7.0 h1:wk8382ETsv4JYUZwIsn6YpYiWiBsYLSJiTsyBybVuN8=
github.com/google/go-cmp v0.7.0/go.mod h1:pXiqmnSA92OHEEa9HXL2W4E7lf9JzCmGVUdgjX3N/iU=
github.com/google/uuid v1.6.0 h1:NIvaJDMOsjHA8n1jAhLSgzrAzy1Hgr+hNrb57e+94F0=
github.com/google/uuid v1.6.0/go.mod h1:TIyPZe4MgqvfeYDBFedMoGGpEw/LqOeaOT+nhxU+yHo=
github.com/joho/godotenv v1.5.1 h1:7eLL/+HRGLY0ldzfGMeQkb7vMd0as4CfYvUVzLqw0N0=
github.com/joho/godotenv v1.5.1/go.mod h1:f4LDr5Voq0i2e/R5DDNOoa2zzDfwtkZa6DnEwAbqwq4=
github.com/klauspost/compress v1.17.9 h1:6KIumPrER1LHsvBVuDa0r5xaG0Es51mhhB9BQB2qeMA=
github.com/klauspost/compress v1.17.9/go.mod h1:Di0epgTjJY877eYKx5yC51cX2A2Vl2ibi7bDH9ttBbw=
github.com/kr/pretty v0.3.1 h1:flRD4NNwYAUpkphVc1HcthR4KEIFJ65n8Mw5qdRn3LE=
github.com/kr/pretty v0.3.1/go.mod h1:hoEshYVHaxMs3cyo3Yncou5ZscifuDolrwPKZanG3xk=
github.com/kr/text v0.2.0 h1:5Nx0Ya0ZqY2ygV366QzturHI13Jq95ApcVaJBhpS+AY=
github.com/kr/text v0.2.0/go.mod h1:eLer722TekiGuMkidMxC/pM04lWEeraHUUmBw8l2grE=
github.com/kylelemons/godebug v1.1.0 h1:RPNrshWIDI6G2gRW9EHilWtl7Z6Sb1BR0xunSBf0SNc=
github.com/kylelemons/godebug v1.1.0/go.mod h1:9/0rRGxNHcop5bhtWyNeEfOS8JIWk580+fNqagV/RAw=
github.com/munnerz/goautoneg v0.0.0-20191010083416-a7dc8b61c822 h1:C3w9PqII01/Oq1c1nUAm88MOHcQC9l5mIlSMApZMrHA=
github.com/munnerz/goautoneg v0.0.0-20191010083416-a7dc8b61c822/go.mod h1:+n7T8mK8HuQTcFwEeznm/DIxMOiR9yIdICNftLE1DvQ=
github.com/onsi/gomega v1.34.1 h1:EUMJIKUjM8sKjYbtxQI9A4z2o+rruxnzNvpknOXie6k=
github.com/onsi/gomega v1.34.1/go.mod h1:kU1QgUvBDLXBJq618Xvm2LUX6rSAfRaFRTcdOeDLwwY=
github.com/opentracing/opentracing-go v1.2.0 h1:uEJPy/1a5RIPAJ0Ov+OIO8OxWu77jEv+1B0VhjKrZUs=
github.com/opentracing/opentracing-go v1.2.0/go.mod h1:GxEUsuufX4nBwe+T+Wl9TAgYrxe9dPLANfrWvHYVTgc=
github.com/pkg/browser v0.0.0-20240102092130-5ac0b6a4141c h1:+mdjkGKdHQG3305AYmdv1U2eRNDiU2ErMBj1gwrq8eQ=
github.com/pkg/browser v0.0.0-20240102092130-5ac0b6a4141c/go.mod h1:7rwL4CYBLnjLxUqIJNnCWiEdr3bn6IUYi15bNlnbCCU=
github.com/pkg/errors v0.9.1 h1:FEBLx1zS214owpjy7qsBeixbURkuhQAwrK5UwLGTwt4=
github.com/pkg/errors v0.9.1/go.mod h1:bwawxfHBFNV+L2hUp1rHADufV3IMtnDRdf1r5NINEl0=
github.com/pmezard/go-difflib v1.0.0 h1:4DBwDE0NGyQoBHbLQYPwSUPoCMWR5BEzIk/f1lZbAQM=
github.com/pmezard/go-difflib v1.0.0/go.mod h1:iKH77koFhYxTK1pcRnkKkqfTogsbg7gZNVY4sRDYZ/4=
github.com/prometheus/client_golang v1.20.5 h1:cxppBPuYhUnsO6yo/aoRol4L7q7UFfdm+bR9r+8l63Y=
github.com/prometheus/client_golang v1.20.5/go.mod h1:PIEt8X02hGcP8JWbeHyeZ53Y/jReSnHgO035n//V5WE=
github.com/prometheus/client_model v0.6.1 h1:ZKSh/rekM+n3CeS952MLRAdFwIKqeY8b62p8ais2e9E=
github.com/prometheus/client_model v0.6.1/go.mod h1:OrxVMOVHjw3lKMa8+x6HeMGkHMQyHDk9E3jmP2AmGiY=
github.com/prometheus/common v0.61.0 h1:3gv/GThfX0cV2lpO7gkTUwZru38mxevy90Bj8YFSRQQ=
github.com/prometheus/common v0.61.0/go.mod h1:zr29OCN/2BsJRaFwG8QOBr41D6kkchKbpeNH7pAjb/s=
github.com/prometheus/procfs v0.15.1 h1:YagwOFzUgYfKKHX6Dr+sHT7km/hxC76UB0learggepc=
github.com/prometheus/procfs v0.15.1/go.mod h1:fB45yRUv8NstnjriLhBQLuOUt+WW4BsoGhij/e3PBqk=
github.com/rogpeppe/go-internal v1.14.1 h1:UQB4HGPB6osV0SQTLymcB4TgvyWu6ZyliaW0tI/otEQ=
github.com/rogpeppe/go-internal v1.14.1/go.mod h1:MaRKkUm5W0goXpeCfT7UZI6fk/L7L7so1lCWt35ZSgc=
github.com/stretchr/objx v0.1.0/go.mod h1:HFkY916IF+rwdDfMAkV7OtwuqBVzrE8GR6GFx+wExME=
github.com/stretchr/objx v0.5.2 h1:xuMeJ0Sdp5ZMRXx/aWO6RZxdr3beISkG5/G/aIRr3pY=
github.com/stretchr/objx v0.5.2/go.mod h1:FRsXN1f5AsAjCGJKqEizvkpNtU+EGNCLh3NxZ/8L+MA=
github.com/stretchr/testify v1.3.0/go.mod h1:M5WIy9Dh21IEIfnGCwXGc5bZfKNJtfHm1UVUgZn+9EI=
github.com/stretchr/testify v1.11.1 h1:7s2iGBzp5EwR7/aIZr8ao5+dra3wiQyKjjFuvgVKu7U=
github.com/stretchr/testify v1.11.1/go.mod h1:wZwfW3scLgRK+23gO65QZefKpKQRnfz6sD981Nm4B6U=
github.com/uber/jaeger-client-go v2.30.0+incompatible h1:D6wyKGCecFaSRUpo8lCVbaOOb6ThwMmTEbhRwtKR97o=
github.com/uber/jaeger-client-go v2.30.0+incompatible/go.mod h1:WVhlPFC8FDjOFMMWRy2pZqQJSXxYSwNYOkTr/Z6d3Kk=
github.com/uber/jaeger-lib v2.4.1+incompatible h1:td4jdvLcExb4cBISKIpHuGoVXh+dVKhn2Um6rjCsSsg=
github.com/uber/jaeger-lib v2.4.1+incompatible/go.mod h1:ComeNDZlWwrWnDv8aPp0Ba6+uUTzImX/AauajbLI56U=
go.opentelemetry.io/auto/sdk v1.1.0 h1:cH53jehLUN6UFLY71z+NDOiNJqDdPRaXzTel0sJySYA=
go.opentelemetry.io/auto/sdk v1.1.0/go.mod h1:3wSPjt5PWp2RhlCcmmOial7AvC4DQqZb7a7wCow3W8A=
go.opentelemetry.io/otel v1.33.0 h1:/FerN9bax5LoK51X/sI0SVYrjSE0/yUL7DpxW4K3FWw=
go.opentelemetry.io/otel v1.33.0/go.mod h1:SUUkR6csvUQl+yjReHu5uM3EtVV7MBm5FHKRlNx4I8I=
go.opentelemetry.io/otel/metric v1.33.0 h1:r+JOocAyeRVXD8lZpjdQjzMadVZp2M4WmQ+5WtEnklQ=
go.opentelemetry.io/otel/metric v1.33.0/go.mod h1:L9+Fyctbp6HFTddIxClbQkjtubW6O9QS3Ann/M82u6M=
go.opentelemetry.io/otel/sdk v1.29.0 h1:vkqKjk7gwhS8VaWb0POZKmIEDimRCMsopNYnriHyryo=
go.opentelemetry.io/otel/sdk v1.29.0/go.mod h1:pM8Dx5WKnvxLCb+8lG1PRNIDxu9g9b9g59Qr7hfAAok=
go.opentelemetry.io/otel/trace v1.33.0 h1:cCJuF7LRjUFso9LPnEAHJDB2pqzp+hbO8eu1qqW2d/s=
go.opentelemetry.io/otel/trace v1.33.0/go.mod h1:uIcdVUZMpTAmz0tI1z04GoVSezK37CbGV4fr1f2nBck=
go.uber.org/atomic v1.11.0 h1:ZvwS0R+56ePWxUNi+Atn9dWONBPp/AUETXlHW0DxSjE=
go.uber.org/atomic v1.11.0/go.mod h1:LUxbIzbOniOlMKjJjyPfpl4v+PKK2cNJn91OQbhoJI0=
go.uber.org/multierr v1.11.0 h1:blXXJkSxSSfBVBlC76pxqeO+LN3aDfLQo+309xJstO0=
go.uber.org/multierr v1.11.0/go.mod h1:20+QtiLqy0Nd6FdQB9TLXag12DsQkrbs3htMFfDN80Y=
golang.org/x/crypto v0.36.0 h1:AnAEvhDddvBdpY+uR+MyHmuZzzNqXSe/GvuDeob5L34=
golang.org/x/crypto v0.36.0/go.mod h1:Y4J0ReaxCR1IMaabaSMugxJES1EpwhBHhv2bDHklZvc=
golang.org/x/exp v0.0.0-20240719175910-8a7402abbf56 h1:2dVuKD2vS7b0QIHQbpyTISPd0LeHDbnYEryqj5Q1ug8=
golang.org/x/exp v0.0.0-20240719175910-8a7402abbf56/go.mod h1:M4RDyNAINzryxdtnbRXRL/OHtkFuWGRjvuhBJpk2IlY=
golang.org/x/net v0.38.0 h1:vRMAPTMaeGqVhG5QyLJHqNDwecKTomGeqbnfZyKlBI8=
golang.org/x/net v0.38.0/go.mod h1:ivrbrMbzFq5J41QOQh0siUuly180yBYtLp+CKbEaFx8=
golang.org/x/sys v0.31.0 h1:ioabZlmFYtWhL+TRYpcnNlLwhyxaM9kWTDEmfnprqik=
golang.org/x/sys v0.31.0/go.mod h1:BJP2sWEmIv4KK5OTEluFJCKSidICx8ciO85XgH3Ak8k=
golang.org/x/text v0.23.0 h1:D71I7dUrlY+VX0gQShAThNGHFxZ13dGLBHQLVl1mJlY=
golang.org/x/text v0.23.0/go.mod h1:/BLNzu4aZCJ1+kcD0DNRotWKage4q2rGVAg4o22unh4=
google.golang.org/protobuf v1.36.2 h1:R8FeyR1/eLmkutZOM5CWghmo5itiG9z0ktFlTVLuTmU=
google.golang.org/protobuf v1.36.2/go.mod h1:9fA7Ob0pmnwhb644+1+CVWFRbNajQ6iRojtC/QF5bRE=
gopkg.in/check.v1 v0.0.0-20161208181325-20d25e280405/go.mod h1:Co6ibVJAznAaIkqp8huTwlJQCZ016jof/cbN4VW5Yz0=
gopkg.in/check.v1 v1.0.0-20201130134442-10cb98267c6c h1:Hei/4ADfdWqJk1ZMxUNpqntNwaWcugrBjAiHlqqRiVk=
gopkg.in/check.v1 v1.0.0-20201130134442-10cb98267c6c/go.mod h1:JHkPIbrfpd72SG/EVd6muEfDQjcINNoR0C8j2r3qZ4Q=
gopkg.in/yaml.v3 v3.0.1 h1:fxVm/GzAzEWqLHuvctI91KS9hhNmmWOoWu0XTYJS7CA=
gopkg.in/yaml.v3 v3.0.1/go.mod h1:K4uyk7z7BCEPqu6E+C64Yfv1cQ7kz7rIZviUmN+EgEM=
nhooyr.io/websocket v1.8.17 h1:KEVeLJkUywCKVsnLIDlD/5gtayKp8VoCkksHCGGfT9Y=
nhooyr.io/websocket v1.8.17/go.mod h1:rN9OFWIUwuxg4fR5tELlYC04bXYowCP9GX47ivo2l+c=
